
Microsoft Visual Studio Solution File, Format Version 12.00
# Visual Studio Version 17
VisualStudioVersion = 17.13.35818.85 d17.13
MinimumVisualStudioVersion = 10.0.40219.1
Project("{FAE04EC0-301F-11D3-BF4B-00C04F79EFBC}") = "es29_CALCIOJSON", "es29_CALCIOJSON\es29_CALCIOJSON.csproj", "{5EBEF0BF-BDD4-47C4-84FC-F59AD4DC6F50}"
EndProject
Global
	GlobalSection(SolutionConfigurationPlatforms) = preSolution
		Debug|Any CPU = Debug|Any CPU
		Release|Any CPU = Release|Any CPU
	EndGlobalSection
	GlobalSection(ProjectConfigurationPlatforms) = postSolution
		{5EBEF0BF-BDD4-47C4-84FC-F59AD4DC6F50}.Debug|Any CPU.ActiveCfg = Debug|Any CPU
		{5EBEF0BF-BDD4-47C4-84FC-F59AD4DC6F50}.Debug|Any CPU.Build.0 = Debug|Any CPU
		{5EBEF0BF-BDD4-47C4-84FC-F59AD4DC6F50}.Release|Any CPU.ActiveCfg = Release|Any CPU
		{5EBEF0BF-BDD4-47C4-84FC-F59AD4DC6F50}.Release|Any CPU.Build.0 = Release|Any CPU
	EndGlobalSection
	GlobalSection(SolutionProperties) = preSolution
		HideSolutionNode = FALSE
	EndGlobalSection
	GlobalSection(ExtensibilityGlobals) = postSolution
		SolutionGuid = {95AFDD42-5E6A-4728-BDCE-9292FBD39CA0}
	EndGlobalSection
EndGlobal
